{
  "name": "durak",
  "version": "1.0.0",
  "lockfileVersion": 3,
  "requires": true,
  "packages": {
    "": {
      "name": "durak",
      "version": "1.0.0",
      "license": "ISC",
      "dependencies": {
        "on-change": "^5.0.1"
      }
    },
    "node_modules/on-change": {
      "version": "5.0.1",
      "resolved": "https://registry.npmjs.org/on-change/-/on-change-5.0.1.tgz",
      "integrity": "sha512-n7THCP7RkyReRSLkJb8kUWoNsxUIBxTkIp3JKno+sEz6o/9AJ3w3P9fzQkITEkMwyTKJjZciF3v/pVoouxZZMg==",
      "engines": {
        "node": ">=18"
      },
      "funding": {
        "url": "https://github.com/sindresorhus/on-change?sponsor=1"
      }
    }
  }
}
